[[package]]
category = "main"
description = "Kafka integration with asyncio."
name = "aiokafka"
optional = false
python-versions = "*"
version = "0.6.0"

[package.dependencies]
kafka-python = ">=2.0.0"

[package.extras]
snappy = ["python-snappy (>=0.5)"]

[[package]]
category = "main"
description = "Classes Without Boilerplate"
name = "attrs"
optional = false
python-versions = ">=2.7, !=3.0.*, !=3.1.*, !=3.2.*, !=3.3.*"
version = "19.3.0"

[package.extras]
azure-pipelines = ["coverage", "hypothesis", "pympler", "pytest (>=4.3.0)", "six", "zope.interface", "pytest-azurepipelines"]
dev = ["coverage", "hypothesis", "pympler", "pytest (>=4.3.0)", "six", "zope.interface", "sphinx", "pre-commit"]
docs = ["sphinx", "zope.interface"]
tests = ["coverage", "hypothesis", "pympler", "pytest (>=4.3.0)", "six", "zope.interface"]

[[package]]
category = "main"
description = "An implementation of JSON Schema validation for Python"
name = "jsonschema"
optional = false
python-versions = "*"
version = "3.2.0"

[package.dependencies]
attrs = ">=17.4.0"
pyrsistent = ">=0.14.0"
setuptools = "*"
six = ">=1.11.0"

[package.extras]
format = ["idna", "jsonpointer (>1.13)", "rfc3987", "strict-rfc3339", "webcolors"]
format_nongpl = ["idna", "jsonpointer (>1.13)", "webcolors", "rfc3986-validator (>0.1.0)", "rfc3339-validator"]

[[package]]
category = "main"
description = "Pure Python client for Apache Kafka"
name = "kafka-python"
optional = false
python-versions = "*"
version = "2.0.1"

[[package]]
category = "main"
description = "This project is meant to help facilitate easily publishing and subscribing to events with python and Kafka."
name = "kafkaesk"
optional = false
python-versions = ">=3.7,<4.0"
version = "0.1.17"

[package.dependencies]
aiokafka = ">=0.6.0,<0.7.0"
jsonschema = ">=3.2.0,<4.0.0"
kafka-python = ">=2.0.1,<3.0.0"
orjson = ">=3.0.0,<4.0.0"
pydantic = ">=1.5.1,<2.0.0"

[[package]]
category = "main"
description = "Fast, correct Python JSON library supporting dataclasses, datetimes, and numpy"
name = "orjson"
optional = false
python-versions = ">=3.6"
version = "3.2.2"

[[package]]
category = "main"
description = "Data validation and settings management using python 3.6 type hinting"
name = "pydantic"
optional = false
python-versions = ">=3.6"
version = "1.6.1"

[package.extras]
dotenv = ["python-dotenv (>=0.10.4)"]
email = ["email-validator (>=1.0.3)"]
typing_extensions = ["typing-extensions (>=3.7.2)"]

[[package]]
category = "main"
description = "Persistent/Functional/Immutable data structures"
name = "pyrsistent"
optional = false
python-versions = "*"
version = "0.16.0"

[package.dependencies]
six = "*"

[[package]]
category = "main"
description = "Python 2 and 3 compatibility utilities"
name = "six"
optional = false
python-versions = ">=2.7, !=3.0.*, !=3.1.*, !=3.2.*"
version = "1.15.0"

[metadata]
content-hash = "fbb7f2098b5db89830c8c021d028ad1c085154273ee08ebfba2ba7e0fc0a2d62"
python-versions = "^3.8"

[metadata.files]
aiokafka = [
    {file = "aiokafka-0.6.0.tar.gz", hash = "sha256:36a5aa5bd681455c59c0de8a0c1bb9cfd2b32d93481bf56e821e9bad24859415"},
]
attrs = [
    {file = "attrs-19.3.0-py2.py3-none-any.whl", hash = "sha256:08a96c641c3a74e44eb59afb61a24f2cb9f4d7188748e76ba4bb5edfa3cb7d1c"},
    {file = "attrs-19.3.0.tar.gz", hash = "sha256:f7b7ce16570fe9965acd6d30101a28f62fb4a7f9e926b3bbc9b61f8b04247e72"},
]
jsonschema = [
    {file = "jsonschema-3.2.0-py2.py3-none-any.whl", hash = "sha256:4e5b3cf8216f577bee9ce139cbe72eca3ea4f292ec60928ff24758ce626cd163"},
    {file = "jsonschema-3.2.0.tar.gz", hash = "sha256:c8a85b28d377cc7737e46e2d9f2b4f44ee3c0e1deac6bf46ddefc7187d30797a"},
]
kafka-python = [
    {file = "kafka-python-2.0.1.tar.gz", hash = "sha256:e59ad42dec8c7d54e3fbba0c1f8b54c44d92a3392d88242962d0c29803f2f6f8"},
    {file = "kafka_python-2.0.1-py2.py3-none-any.whl", hash = "sha256:513431184ecd08e706ca53421ff23e269fc052374084b45b49640419564dd704"},
]
kafkaesk = [
    {file = "kafkaesk-0.1.17-py3-none-any.whl", hash = "sha256:06fadc2cc0643a24eb94bf1b96ddc4d1b5c22e57867140e725d8c355a74ab823"},
    {file = "kafkaesk-0.1.17.tar.gz", hash = "sha256:6d53c58cc5d5ee9147f42b66a507e9c93b6875a5ab1db974bf02ea070e6718fe"},
]
orjson = [
    {file = "orjson-3.2.2-cp36-cp36m-macosx_10_7_x86_64.whl", hash = "sha256:570a93d1973aab27bb5ca9e8f811c156c6a55e49bc27a767600db3051f8c1718"},
    {file = "orjson-3.2.2-cp36-cp36m-manylinux1_x86_64.whl", hash = "sha256:0591c86e1e7449f08f66e554c53134a989cda947569f2ba8d12e972f83ba855c"},
    {file = "orjson-3.2.2-cp36-cp36m-manylinux2014_aarch64.whl", hash = "sha256:83023862ba3fb68b692340952d05b18ca5fc5fc9c023d458773ef064afb74a6d"},
    {file = "orjson-3.2.2-cp36-none-win_amd64.whl", hash = "sha256:cce78c38de7b4df39a53c7769b458e5b44c33da1db4f393125f5b40596d92d91"},
    {file = "orjson-3.2.2-cp37-cp37m-macosx_10_7_x86_64.whl", hash = "sha256:8a8b0e43190149f2fce0e5264973389ded1b3bbe652bb9602099579f58356969"},
    {file = "orjson-3.2.2-cp37-cp37m-manylinux1_x86_64.whl", hash = "sha256:d957229f9c4df046b34e815cb4c99d0b851730fc9d0386efceec723f5c76c6f7"},
    {file = "orjson-3.2.2-cp37-cp37m-manylinux2014_aarch64.whl", hash = "sha256:7c3d6cdeebff7e677206b8f55ffc3ed3d5a20fdbe6e01c009840cba1974ae772"},
    {file = "orjson-3.2.2-cp37-none-win_amd64.whl", hash = "sha256:7893ed2aae34fb80499590c8d26e05f5af38f4c75778cf2c953cc4c5827546e8"},
    {file = "orjson-3.2.2-cp38-cp38-macosx_10_7_x86_64.whl", hash = "sha256:6c6ef415876cf2ea1350d7a83800997d82f3dadc6a2b9bbba24b93bb2f1dbeac"},
    {file = "orjson-3.2.2-cp38-cp38-manylinux1_x86_64.whl", hash = "sha256:45b5b2634753e87d0c39ee55b9e7791089f32a1ec15821d5ccfd59b523146abc"},
    {file = "orjson-3.2.2-cp38-cp38-manylinux2014_aarch64.whl", hash = "sha256:86fd9deeb0572cf78770c84fb438f2fdec217ea2f0c28cf6b488575ca1ffc42e"},
    {file = "orjson-3.2.2-cp38-none-win_amd64.whl", hash = "sha256:57727e14e85a75d0cc657d2df33502c44b23dacc25a67da734de7c26dab2c06f"},
    {file = "orjson-3.2.2-cp39-cp39-manylinux2014_aarch64.whl", hash = "sha256:33543506a36e425f5a4154fb416a851e73c5cbf34076c767d4a71c9b55c37478"},
    {file = "orjson-3.2.2-cp39-cp39-manylinux2014_x86_64.whl", hash = "sha256:08520b19908aaaca7362134c0db9862159fa6363e7d9651c6c2bb83dbe006fb1"},
    {file = "orjson-3.2.2.tar.gz", hash = "sha256:0622cb893b9fdc012a6443418e37c85f0cfe4d97c4dcb59144bb57c99e3eb4bc"},
]
pydantic = [
    {file = "pydantic-1.6.1-cp36-cp36m-macosx_10_9_x86_64.whl", hash = "sha256:418b84654b60e44c0cdd5384294b0e4bc1ebf42d6e873819424f3b78b8690614"},
    {file = "pydantic-1.6.1-cp36-cp36m-manylinux1_i686.whl", hash = "sha256:4900b8820b687c9a3ed753684337979574df20e6ebe4227381d04b3c3c628f99"},
    {file = "pydantic-1.6.1-cp36-cp36m-manylinux2014_i686.whl", hash = "sha256:b49c86aecde15cde33835d5d6360e55f5e0067bb7143a8303bf03b872935c75b"},
    {file = "pydantic-1.6.1-cp36-cp36m-manylinux2014_x86_64.whl", hash = "sha256:2de562a456c4ecdc80cf1a8c3e70c666625f7d02d89a6174ecf63754c734592e"},
    {file = "pydantic-1.6.1-cp36-cp36m-win_amd64.whl", hash = "sha256:f769141ab0abfadf3305d4fcf36660e5cf568a666dd3efab7c3d4782f70946b1"},
    {file = "pydantic-1.6.1-cp37-cp37m-macosx_10_9_x86_64.whl", hash = "sha256:2dc946b07cf24bee4737ced0ae77e2ea6bc97489ba5a035b603bd1b40ad81f7e"},
    {file = "pydantic-1.6.1-cp37-cp37m-manylinux1_i686.whl", hash = "sha256:36dbf6f1be212ab37b5fda07667461a9219c956181aa5570a00edfb0acdfe4a1"},
    {file = "pydantic-1.6.1-cp37-cp37m-manylinux2014_i686.whl", hash = "sha256:1783c1d927f9e1366e0e0609ae324039b2479a1a282a98ed6a6836c9ed02002c"},
    {file = "pydantic-1.6.1-cp37-cp37m-manylinux2014_x86_64.whl", hash = "sha256:cf3933c98cb5e808b62fae509f74f209730b180b1e3c3954ee3f7949e083a7df"},
    {file = "pydantic-1.6.1-cp37-cp37m-win_amd64.whl", hash = "sha256:f8af9b840a9074e08c0e6dc93101de84ba95df89b267bf7151d74c553d66833b"},
    {file = "pydantic-1.6.1-cp38-cp38-macosx_10_9_x86_64.whl", hash = "sha256:40d765fa2d31d5be8e29c1794657ad46f5ee583a565c83cea56630d3ae5878b9"},
    {file = "pydantic-1.6.1-cp38-cp38-manylinux1_i686.whl", hash = "sha256:3fa799f3cfff3e5f536cbd389368fc96a44bb30308f258c94ee76b73bd60531d"},
    {file = "pydantic-1.6.1-cp38-cp38-manylinux2014_i686.whl", hash = "sha256:6c3f162ba175678218629f446a947e3356415b6b09122dcb364e58c442c645a7"},
    {file = "pydantic-1.6.1-cp38-cp38-manylinux2014_x86_64.whl", hash = "sha256:eb75dc1809875d5738df14b6566ccf9fd9c0bcde4f36b72870f318f16b9f5c20"},
    {file = "pydantic-1.6.1-cp38-cp38-win_amd64.whl", hash = "sha256:530d7222a2786a97bc59ee0e0ebbe23728f82974b1f1ad9a11cd966143410633"},
    {file = "pydantic-1.6.1-py36.py37.py38-none-any.whl", hash = "sha256:b5b3489cb303d0f41ad4a7390cf606a5f2c7a94dcba20c051cd1c653694cb14d"},
    {file = "pydantic-1.6.1.tar.gz", hash = "sha256:54122a8ed6b75fe1dd80797f8251ad2063ea348a03b77218d73ea9fe19bd4e73"},
]
pyrsistent = [
    {file = "pyrsistent-0.16.0.tar.gz", hash = "sha256:28669905fe725965daa16184933676547c5bb40a5153055a8dee2a4bd7933ad3"},
]
six = [
    {file = "six-1.15.0-py2.py3-none-any.whl", hash = "sha256:8b74bedcbbbaca38ff6d7491d76f2b06b3592611af620f8426e82dddb04a5ced"},
    {file = "six-1.15.0.tar.gz", hash = "sha256:30639c035cdb23534cd4aa2dd52c3bf48f06e5f4a941509c8bafd8ce11080259"},
]
